
Microsoft Visual Studio Solution File, Format Version 12.00
# Visual Studio Version 16
VisualStudioVersion = 16.0.31402.337
MinimumVisualStudioVersion = 10.0.40219.1
Project("{FAE04EC0-301F-11D3-BF4B-00C04F79EFBC}") = "ReversedStrings", "ReversedStrings\ReversedStrings.csproj", "{04A8D3A7-E8CB-4785-A86B-7F2F2AB99907}"
EndProject
Global
	GlobalSection(SolutionConfigurationPlatforms) = preSolution
		Debug|Any CPU = Debug|Any CPU
		Release|Any CPU = Release|Any CPU
	EndGlobalSection
	GlobalSection(ProjectConfigurationPlatforms) = postSolution
		{04A8D3A7-E8CB-4785-A86B-7F2F2AB99907}.Debug|Any CPU.ActiveCfg = Debug|Any CPU
		{04A8D3A7-E8CB-4785-A86B-7F2F2AB99907}.Debug|Any CPU.Build.0 = Debug|Any CPU
		{04A8D3A7-E8CB-4785-A86B-7F2F2AB99907}.Release|Any CPU.ActiveCfg = Release|Any CPU
		{04A8D3A7-E8CB-4785-A86B-7F2F2AB99907}.Release|Any CPU.Build.0 = Release|Any CPU
	EndGlobalSection
	GlobalSection(SolutionProperties) = preSolution
		HideSolutionNode = FALSE
	EndGlobalSection
	GlobalSection(ExtensibilityGlobals) = postSolution
		SolutionGuid = {A0437D00-3A78-4BB3-9680-4C4E1B0DA321}
	EndGlobalSection
EndGlobal
